
Microsoft Visual Studio Solution File, Format Version 12.00
# Visual Studio Version 16
VisualStudioVersion = 16.0.30114.105
MinimumVisualStudioVersion = 10.0.40219.1
Project("{FAE04EC0-301F-11D3-BF4B-00C04F79EFBC}") = "Locations.API", "Locations.API\Locations.API.csproj", "{B791766D-5908-4F11-8E95-B1934BC19748}"
EndProject
Project("{FAE04EC0-301F-11D3-BF4B-00C04F79EFBC}") = "Locations.Services", "Locations.Services\Locations.Services.csproj", "{C2840A1F-3E15-4D0E-ABC9-FAB974781F83}"
EndProject
Project("{FAE04EC0-301F-11D3-BF4B-00C04F79EFBC}") = "Locations.Repositories", "Locations.Repositories\Locations.Repositories.csproj", "{0136FBDA-579C-464C-AA9E-2E8621414327}"
EndProject
Project("{FAE04EC0-301F-11D3-BF4B-00C04F79EFBC}") = "Locations.Repositories.CsvFile", "Locations.Repositories.CsvFile\Locations.Repositories.CsvFile.csproj", "{EDF6D1A4-7DD4-4791-9F1B-36CD3C059FCB}"
EndProject
Global
	GlobalSection(SolutionConfigurationPlatforms) = preSolution
		Debug|Any CPU = Debug|Any CPU
		Release|Any CPU = Release|Any CPU
	EndGlobalSection
	GlobalSection(SolutionProperties) = preSolution
		HideSolutionNode = FALSE
	EndGlobalSection
	GlobalSection(ProjectConfigurationPlatforms) = postSolution
		{B791766D-5908-4F11-8E95-B1934BC19748}.Debug|Any CPU.ActiveCfg = Debug|Any CPU
		{B791766D-5908-4F11-8E95-B1934BC19748}.Debug|Any CPU.Build.0 = Debug|Any CPU
		{B791766D-5908-4F11-8E95-B1934BC19748}.Release|Any CPU.ActiveCfg = Release|Any CPU
		{B791766D-5908-4F11-8E95-B1934BC19748}.Release|Any CPU.Build.0 = Release|Any CPU
		{C2840A1F-3E15-4D0E-ABC9-FAB974781F83}.Debug|Any CPU.ActiveCfg = Debug|Any CPU
		{C2840A1F-3E15-4D0E-ABC9-FAB974781F83}.Debug|Any CPU.Build.0 = Debug|Any CPU
		{C2840A1F-3E15-4D0E-ABC9-FAB974781F83}.Release|Any CPU.ActiveCfg = Release|Any CPU
		{C2840A1F-3E15-4D0E-ABC9-FAB974781F83}.Release|Any CPU.Build.0 = Release|Any CPU
		{0136FBDA-579C-464C-AA9E-2E8621414327}.Debug|Any CPU.ActiveCfg = Debug|Any CPU
		{0136FBDA-579C-464C-AA9E-2E8621414327}.Debug|Any CPU.Build.0 = Debug|Any CPU
		{0136FBDA-579C-464C-AA9E-2E8621414327}.Release|Any CPU.ActiveCfg = Release|Any CPU
		{0136FBDA-579C-464C-AA9E-2E8621414327}.Release|Any CPU.Build.0 = Release|Any CPU
		{EDF6D1A4-7DD4-4791-9F1B-36CD3C059FCB}.Debug|Any CPU.ActiveCfg = Debug|Any CPU
		{EDF6D1A4-7DD4-4791-9F1B-36CD3C059FCB}.Debug|Any CPU.Build.0 = Debug|Any CPU
		{EDF6D1A4-7DD4-4791-9F1B-36CD3C059FCB}.Release|Any CPU.ActiveCfg = Release|Any CPU
		{EDF6D1A4-7DD4-4791-9F1B-36CD3C059FCB}.Release|Any CPU.Build.0 = Release|Any CPU
	EndGlobalSection
EndGlobal
